// !$*UTF8*$!
{
	archiveVersion = 1;
	classes = {
	};
	objectVersion = 50;
	objects = {

/* Begin PBXBuildFile section */
		1AA020D0234BCB5E00BC3983 /* AppDelegate.swift in Sources */ = {isa = PBXBuildFile; fileRef = 1AA020CF234BCB5E00BC3983 /* AppDelegate.swift */; };
		1AA020D2234BCB5E00BC3983 /* ViewController.swift in Sources */ = {isa = PBXBuildFile; fileRef = 1AA020D1234BCB5E00BC3983 /* ViewController.swift */; };
		1AA020D5234BCB5E00BC3983 /* Main.storyboard in Resources */ = {isa = PBXBuildFile; fileRef = 1AA020D3234BCB5E00BC3983 /* Main.storyboard */; };
		1AA020D7234BCB5F00BC3983 /* Assets.xcassets in Resources */ = {isa = PBXBuildFile; fileRef = 1AA020D6234BCB5F00BC3983 /* Assets.xcassets */; };
		1AA020DA234BCB5F00BC3983 /* LaunchScreen.storyboard in Resources */ = {isa = PBXBuildFile; fileRef = 1AA020D8234BCB5F00BC3983 /* LaunchScreen.storyboard */; };
		1AA020E5234BCB5F00BC3983 /* LePokedexTests.swift in Sources */ = {isa = PBXBuildFile; fileRef = 1AA020E4234BCB5F00BC3983 /* LePokedexTests.swift */; };
		1AA020F0234BCB5F00BC3983 /* LePokedexUITests.swift in Sources */ = {isa = PBXBuildFile; fileRef = 1AA020EF234BCB5F00BC3983 /* LePokedexUITests.swift */; };
/* End PBXBuildFile section */

/* Begin PBXContainerItemProxy section */
		1AA020E1234BCB5F00BC3983 /* PBXContainerItemProxy */ = {
			isa = PBXContainerItemProxy;
			containerPortal = 1AA020C4234BCB5E00BC3983 /* Project object */;
			proxyType = 1;
			remoteGlobalIDString = 1AA020CB234BCB5E00BC3983;
			remoteInfo = LePokedex;
		};
		1AA020EC234BCB5F00BC3983 /* PBXContainerItemProxy */ = {
			isa = PBXContainerItemProxy;
			containerPortal = 1AA020C4234BCB5E00BC3983 /* Project object */;
			proxyType = 1;
			remoteGlobalIDString = 1AA020CB234BCB5E00BC3983;
			remoteInfo = LePokedex;
		};
/* End PBXContainerItemProxy section */

/* Begin PBXFileReference section */
		1AA020CC234BCB5E00BC3983 /* LePokedex.app */ = {isa = PBXFileReference; explicitFileType = wrapper.application; includeInIndex = 0; path = LePokedex.app; sourceTree = BUILT_PRODUCTS_DIR; };
		1AA020CF234BCB5E00BC3983 /* AppDelegate.swift */ = {isa = PBXFileReference; lastKnownFileType = sourcecode.swift; path = AppDelegate.swift; sourceTree = "<group>"; };
		1AA020D1234BCB5E00BC3983 /* ViewController.swift */ = {isa = PBXFileReference; lastKnownFileType = sourcecode.swift; path = ViewController.swift; sourceTree = "<group>"; };
		1AA020D4234BCB5E00BC3983 /* Base */ = {isa = PBXFileReference; lastKnownFileType = file.storyboard; name = Base; path = Base.lproj/Main.storyboard; sourceTree = "<group>"; };
		1AA020D6234BCB5F00BC3983 /* Assets.xcassets */ = {isa = PBXFileReference; lastKnownFileType = folder.assetcatalog; path = Assets.xcassets; sourceTree = "<group>"; };
		1AA020D9234BCB5F00BC3983 /* Base */ = {isa = PBXFileReference; lastKnownFileType = file.storyboard; name = Base; path = Base.lproj/LaunchScreen.storyboard; sourceTree = "<group>"; };
		1AA020DB234BCB5F00BC3983 /* Info.plist */ = {isa = PBXFileReference; lastKnownFileType = text.plist.xml; path = Info.plist; sourceTree = "<group>"; };
		1AA020E0234BCB5F00BC3983 /* LePokedexTests.xctest */ = {isa = PBXFileReference; explicitFileType = wrapper.cfbundle; includeInIndex = 0; path = LePokedexTests.xctest; sourceTree = BUILT_PRODUCTS_DIR; };
		1AA020E4234BCB5F00BC3983 /* LePokedexTests.swift */ = {isa = PBXFileReference; lastKnownFileType = sourcecode.swift; path = LePokedexTests.swift; sourceTree = "<group>"; };
		1AA020E6234BCB5F00BC3983 /* Info.plist */ = {isa = PBXFileReference; lastKnownFileType = text.plist.xml; path = Info.plist; sourceTree = "<group>"; };
		1AA020EB234BCB5F00BC3983 /* LePokedexUITests.xctest */ = {isa = PBXFileReference; explicitFileType = wrapper.cfbundle; includeInIndex = 0; path = LePokedexUITests.xctest; sourceTree = BUILT_PRODUCTS_DIR; };
		1AA020EF234BCB5F00BC3983 /* LePokedexUITests.swift */ = {isa = PBXFileReference; lastKnownFileType = sourcecode.swift; path = LePokedexUITests.swift; sourceTree = "<group>"; };
		1AA020F1234BCB5F00BC3983 /* Info.plist */ = {isa = PBXFileReference; lastKnownFileType = text.plist.xml; path = Info.plist; sourceTree = "<group>"; };
/* End PBXFileReference section */

/* Begin PBXFrameworksBuildPhase section */
		1AA020C9234BCB5E00BC3983 /* Frameworks */ = {
			isa = PBXFrameworksBuildPhase;
			buildActionMask = 2147483647;
			files = (
			);
			runOnlyForDeploymentPostprocessing = 0;
		};
		1AA020DD234BCB5F00BC3983 /* Frameworks */ = {
			isa = PBXFrameworksBuildPhase;
			buildActionMask = 2147483647;
			files = (
			);
			runOnlyForDeploymentPostprocessing = 0;
		};
		1AA020E8234BCB5F00BC3983 /* Frameworks */ = {
			isa = PBXFrameworksBuildPhase;
			buildActionMask = 2147483647;
			files = (
			);
			runOnlyForDeploymentPostprocessing = 0;
		};
/* End PBXFrameworksBuildPhase section */

/* Begin PBXGroup section */
		1AA020C3234BCB5E00BC3983 = {
			isa = PBXGroup;
			children = (
				1AA020CE234BCB5E00BC3983 /* LePokedex */,
				1AA020E3234BCB5F00BC3983 /* LePokedexTests */,
				1AA020EE234BCB5F00BC3983 /* LePokedexUITests */,
				1AA020CD234BCB5E00BC3983 /* Products */,
			);
			sourceTree = "<group>";
		};
		1AA020CD234BCB5E00BC3983 /* Products */ = {
			isa = PBXGroup;
			children = (
				1AA020CC234BCB5E00BC3983 /* LePokedex.app */,
				1AA020E0234BCB5F00BC3983 /* LePokedexTests.xctest */,
				1AA020EB234BCB5F00BC3983 /* LePokedexUITests.xctest */,
			);
			name = Products;
			sourceTree = "<group>";
		};
		1AA020CE234BCB5E00BC3983 /* LePokedex */ = {
			isa = PBXGroup;
			children = (
				1AA020CF234BCB5E00BC3983 /* AppDelegate.swift */,
				1AA020D1234BCB5E00BC3983 /* ViewController.swift */,
				1AA020D3234BCB5E00BC3983 /* Main.storyboard */,
				1AA020D6234BCB5F00BC3983 /* Assets.xcassets */,
				1AA020D8234BCB5F00BC3983 /* LaunchScreen.storyboard */,
				1AA020DB234BCB5F00BC3983 /* Info.plist */,
			);
			path = LePokedex;
			sourceTree = "<group>";
		};
		1AA020E3234BCB5F00BC3983 /* LePokedexTests */ = {
			isa = PBXGroup;
			children = (
				1AA020E4234BCB5F00BC3983 /* LePokedexTests.swift */,
				1AA020E6234BCB5F00BC3983 /* Info.plist */,
			);
			path = LePokedexTests;
			sourceTree = "<group>";
		};
		1AA020EE234BCB5F00BC3983 /* LePokedexUITests */ = {
			isa = PBXGroup;
			children = (
				1AA020EF234BCB5F00BC3983 /* LePokedexUITests.swift */,
				1AA020F1234BCB5F00BC3983 /* Info.plist */,
			);
			path = LePokedexUITests;
			sourceTree = "<group>";
		};
/* End PBXGroup section */

/* Begin PBXNativeTarget section */
		1AA020CB234BCB5E00BC3983 /* LePokedex */ = {
			isa = PBXNativeTarget;
			buildConfigurationList = 1AA020F4234BCB5F00BC3983 /* Build configuration list for PBXNativeTarget "LePokedex" */;
			buildPhases = (
				1AA020C8234BCB5E00BC3983 /* Sources */,
				1AA020C9234BCB5E00BC3983 /* Frameworks */,
				1AA020CA234BCB5E00BC3983 /* Resources */,
			);
			buildRules = (
			);
			dependencies = (
			);
			name = LePokedex;
			productName = LePokedex;
			productReference = 1AA020CC234BCB5E00BC3983 /* LePokedex.app */;
			productType = "com.apple.product-type.application";
		};
		1AA020DF234BCB5F00BC3983 /* LePokedexTests */ = {
			isa = PBXNativeTarget;
			buildConfigurationList = 1AA020F7234BCB5F00BC3983 /* Build configuration list for PBXNativeTarget "LePokedexTests" */;
			buildPhases = (
				1AA020DC234BCB5F00BC3983 /* Sources */,
				1AA020DD234BCB5F00BC3983 /* Frameworks */,
				1AA020DE234BCB5F00BC3983 /* Resources */,
			);
			buildRules = (
			);
			dependencies = (
				1AA020E2234BCB5F00BC3983 /* PBXTargetDependency */,
			);
			name = LePokedexTests;
			productName = LePokedexTests;
			productReference = 1AA020E0234BCB5F00BC3983 /* LePokedexTests.xctest */;
			productType = "com.apple.product-type.bundle.unit-test";
		};
		1AA020EA234BCB5F00BC3983 /* LePokedexUITests */ = {
			isa = PBXNativeTarget;
			buildConfigurationList = 1AA020FA234BCB5F00BC3983 /* Build configuration list for PBXNativeTarget "LePokedexUITests" */;
			buildPhases = (
				1AA020E7234BCB5F00BC3983 /* Sources */,
				1AA020E8234BCB5F00BC3983 /* Frameworks */,
				1AA020E9234BCB5F00BC3983 /* Resources */,
			);
			buildRules = (
			);
			dependencies = (
				1AA020ED234BCB5F00BC3983 /* PBXTargetDependency */,
			);
			name = LePokedexUITests;
			productName = LePokedexUITests;
			productReference = 1AA020EB234BCB5F00BC3983 /* LePokedexUITests.xctest */;
			productType = "com.apple.product-type.bundle.ui-testing";
		};
/* End PBXNativeTarget section */

/* Begin PBXProject section */
		1AA020C4234BCB5E00BC3983 /* Project object */ = {
			isa = PBXProject;
			attributes = {
				LastSwiftUpdateCheck = 1030;
				LastUpgradeCheck = 1030;
				ORGANIZATIONNAME = "Joullin Maxime";
				TargetAttributes = {
					1AA020CB234BCB5E00BC3983 = {
						CreatedOnToolsVersion = 10.3;
					};
					1AA020DF234BCB5F00BC3983 = {
						CreatedOnToolsVersion = 10.3;
						TestTargetID = 1AA020CB234BCB5E00BC3983;
					};
					1AA020EA234BCB5F00BC3983 = {
						CreatedOnToolsVersion = 10.3;
						TestTargetID = 1AA020CB234BCB5E00BC3983;
					};
				};
			};
			buildConfigurationList = 1AA020C7234BCB5E00BC3983 /* Build configuration list for PBXProject "LePokedex" */;
			compatibilityVersion = "Xcode 9.3";
			developmentRegion = en;
			hasScannedForEncodings = 0;
			knownRegions = (
				en,
				Base,
			);
			mainGroup = 1AA020C3234BCB5E00BC3983;
			productRefGroup = 1AA020CD234BCB5E00BC3983 /* Products */;
			projectDirPath = "";
			projectRoot = "";
			targets = (
				1AA020CB234BCB5E00BC3983 /* LePokedex */,
				1AA020DF234BCB5F00BC3983 /* LePokedexTests */,
				1AA020EA234BCB5F00BC3983 /* LePokedexUITests */,
			);
		};
/* End PBXProject section */

/* Begin PBXResourcesBuildPhase section */
		1AA020CA234BCB5E00BC3983 /* Resources */ = {
			isa = PBXResourcesBuildPhase;
			buildActionMask = 2147483647;
			files = (
				1AA020DA234BCB5F00BC3983 /* LaunchScreen.storyboard in Resources */,
				1AA020D7234BCB5F00BC3983 /* Assets.xcassets in Resources */,
				1AA020D5234BCB5E00BC3983 /* Main.storyboard in Resources */,
			);
			runOnlyForDeploymentPostprocessing = 0;
		};
		1AA020DE234BCB5F00BC3983 /* Resources */ = {
			isa = PBXResourcesBuildPhase;
			buildActionMask = 2147483647;
			files = (
			);
			runOnlyForDeploymentPostprocessing = 0;
		};
		1AA020E9234BCB5F00BC3983 /* Resources */ = {
			isa = PBXResourcesBuildPhase;
			buildActionMask = 2147483647;
			files = (
			);
			runOnlyForDeploymentPostprocessing = 0;
		};
/* End PBXResourcesBuildPhase section */

/* Begin PBXSourcesBuildPhase section */
		1AA020C8234BCB5E00BC3983 /* Sources */ = {
			isa = PBXSourcesBuildPhase;
			buildActionMask = 2147483647;
			files = (
				1AA020D2234BCB5E00BC3983 /* ViewController.swift in Sources */,
				1AA020D0234BCB5E00BC3983 /* AppDelegate.swift in Sources */,
			);
			runOnlyForDeploymentPostprocessing = 0;
		};
		1AA020DC234BCB5F00BC3983 /* Sources */ = {
			isa = PBXSourcesBuildPhase;
			buildActionMask = 2147483647;
			files = (
				1AA020E5234BCB5F00BC3983 /* LePokedexTests.swift in Sources */,
			);
			runOnlyForDeploymentPostprocessing = 0;
		};
		1AA020E7234BCB5F00BC3983 /* Sources */ = {
			isa = PBXSourcesBuildPhase;
			buildActionMask = 2147483647;
			files = (
				1AA020F0234BCB5F00BC3983 /* LePokedexUITests.swift in Sources */,
			);
			runOnlyForDeploymentPostprocessing = 0;
		};
/* End PBXSourcesBuildPhase section */

/* Begin PBXTargetDependency section */
		1AA020E2234BCB5F00BC3983 /* PBXTargetDependency */ = {
			isa = PBXTargetDependency;
			target = 1AA020CB234BCB5E00BC3983 /* LePokedex */;
			targetProxy = 1AA020E1234BCB5F00BC3983 /* PBXContainerItemProxy */;
		};
		1AA020ED234BCB5F00BC3983 /* PBXTargetDependency */ = {
			isa = PBXTargetDependency;
			target = 1AA020CB234BCB5E00BC3983 /* LePokedex */;
			targetProxy = 1AA020EC234BCB5F00BC3983 /* PBXContainerItemProxy */;
		};
/* End PBXTargetDependency section */

/* Begin PBXVariantGroup section */
		1AA020D3234BCB5E00BC3983 /* Main.storyboard */ = {
			isa = PBXVariantGroup;
			children = (
				1AA020D4234BCB5E00BC3983 /* Base */,
			);
			name = Main.storyboard;
			sourceTree = "<group>";
		};
		1AA020D8234BCB5F00BC3983 /* LaunchScreen.storyboard */ = {
			isa = PBXVariantGroup;
			children = (
				1AA020D9234BCB5F00BC3983 /* Base */,
			);
			name = LaunchScreen.storyboard;
			sourceTree = "<group>";
		};
/* End PBXVariantGroup section */

/* Begin XCBuildConfiguration section */
		1AA020F2234BCB5F00BC3983 /* Debug */ = {
			isa = XCBuildConfiguration;
			buildSettings = {
				ALWAYS_SEARCH_USER_PATHS = NO;
				CLANG_ANALYZER_NONNULL = YES;
				CLANG_ANALYZER_NUMBER_OBJECT_CONVERSION = YES_AGGRESSIVE;
				CLANG_CXX_LANGUAGE_STANDARD = "gnu++14";
				CLANG_CXX_LIBRARY = "libc++";
				CLANG_ENABLE_MODULES = YES;
				CLANG_ENABLE_OBJC_ARC = YES;
				CLANG_ENABLE_OBJC_WEAK = YES;
				CLANG_WARN_BLOCK_CAPTURE_AUTORELEASING = YES;
				CLANG_WARN_BOOL_CONVERSION = YES;
				CLANG_WARN_COMMA = YES;
				CLANG_WARN_CONSTANT_CONVERSION = YES;
				CLANG_WARN_DEPRECATED_OBJC_IMPLEMENTATIONS = YES;
				CLANG_WARN_DIRECT_OBJC_ISA_USAGE = YES_ERROR;
				CLANG_WARN_DOCUMENTATION_COMMENTS = YES;
				CLANG_WARN_EMPTY_BODY = YES;
				CLANG_WARN_ENUM_CONVERSION = YES;
				CLANG_WARN_INFINITE_RECURSION = YES;
				CLANG_WARN_INT_CONVERSION = YES;
				CLANG_WARN_NON_LITERAL_NULL_CONVERSION = YES;
				CLANG_WARN_OBJC_IMPLICIT_RETAIN_SELF = YES;
				CLANG_WARN_OBJC_LITERAL_CONVERSION = YES;
				CLANG_WARN_OBJC_ROOT_CLASS = YES_ERROR;
				CLANG_WARN_RANGE_LOOP_ANALYSIS = YES;
				CLANG_WARN_STRICT_PROTOTYPES = YES;
				CLANG_WARN_SUSPICIOUS_MOVE = YES;
				CLANG_WARN_UNGUARDED_AVAILABILITY = YES_AGGRESSIVE;
				CLANG_WARN_UNREACHABLE_CODE = YES;
				CLANG_WARN__DUPLICATE_METHOD_MATCH = YES;
				CODE_SIGN_IDENTITY = "iPhone Developer";
				COPY_PHASE_STRIP = NO;
				DEBUG_INFORMATION_FORMAT = dwarf;
				ENABLE_STRICT_OBJC_MSGSEND = YES;
				ENABLE_TESTABILITY = YES;
				GCC_C_LANGUAGE_STANDARD = gnu11;
				GCC_DYNAMIC_NO_PIC = NO;
				GCC_NO_COMMON_BLOCKS = YES;
				GCC_OPTIMIZATION_LEVEL = 0;
				GCC_PREPROCESSOR_DEFINITIONS = (
					"DEBUG=1",
					"$(inherited)",
				);
				GCC_WARN_64_TO_32_BIT_CONVERSION = YES;
				GCC_WARN_ABOUT_RETURN_TYPE = YES_ERROR;
				GCC_WARN_UNDECLARED_SELECTOR = YES;
				GCC_WARN_UNINITIALIZED_AUTOS = YES_AGGRESSIVE;
				GCC_WARN_UNUSED_FUNCTION = YES;
				GCC_WARN_UNUSED_VARIABLE = YES;
				IPHONEOS_DEPLOYMENT_TARGET = 12.4;
				MTL_ENABLE_DEBUG_INFO = INCLUDE_SOURCE;
				MTL_FAST_MATH = YES;
				ONLY_ACTIVE_ARCH = YES;
				SDKROOT = iphoneos;
				SWIFT_ACTIVE_COMPILATION_CONDITIONS = DEBUG;
				SWIFT_OPTIMIZATION_LEVEL = "-Onone";
			};
			name = Debug;
		};
		1AA020F3234BCB5F00BC3983 /* Release */ = {
			isa = XCBuildConfiguration;
			buildSettings = {
				ALWAYS_SEARCH_USER_PATHS = NO;
				CLANG_ANALYZER_NONNULL = YES;
				CLANG_ANALYZER_NUMBER_OBJECT_CONVERSION = YES_AGGRESSIVE;
				CLANG_CXX_LANGUAGE_STANDARD = "gnu++14";
				CLANG_CXX_LIBRARY = "libc++";
				CLANG_ENABLE_MODULES = YES;
				CLANG_ENABLE_OBJC_ARC = YES;
				CLANG_ENABLE_OBJC_WEAK = YES;
				CLANG_WARN_BLOCK_CAPTURE_AUTORELEASING = YES;
				CLANG_WARN_BOOL_CONVERSION = YES;
				CLANG_WARN_COMMA = YES;
				CLANG_WARN_CONSTANT_CONVERSION = YES;
				CLANG_WARN_DEPRECATED_OBJC_IMPLEMENTATIONS = YES;
				CLANG_WARN_DIRECT_OBJC_ISA_USAGE = YES_ERROR;
				CLANG_WARN_DOCUMENTATION_COMMENTS = YES;
				CLANG_WARN_EMPTY_BODY = YES;
				CLANG_WARN_ENUM_CONVERSION = YES;
				CLANG_WARN_INFINITE_RECURSION = YES;
				CLANG_WARN_INT_CONVERSION = YES;
				CLANG_WARN_NON_LITERAL_NULL_CONVERSION = YES;
				CLANG_WARN_OBJC_IMPLICIT_RETAIN_SELF = YES;
				CLANG_WARN_OBJC_LITERAL_CONVERSION = YES;
				CLANG_WARN_OBJC_ROOT_CLASS = YES_ERROR;
				CLANG_WARN_RANGE_LOOP_ANALYSIS = YES;
				CLANG_WARN_STRICT_PROTOTYPES = YES;
				CLANG_WARN_SUSPICIOUS_MOVE = YES;
				CLANG_WARN_UNGUARDED_AVAILABILITY = YES_AGGRESSIVE;
				CLANG_WARN_UNREACHABLE_CODE = YES;
				CLANG_WARN__DUPLICATE_METHOD_MATCH = YES;
				CODE_SIGN_IDENTITY = "iPhone Developer";
				COPY_PHASE_STRIP = NO;
				DEBUG_INFORMATION_FORMAT = "dwarf-with-dsym";
				ENABLE_NS_ASSERTIONS = NO;
				ENABLE_STRICT_OBJC_MSGSEND = YES;
				GCC_C_LANGUAGE_STANDARD = gnu11;
				GCC_NO_COMMON_BLOCKS = YES;
				GCC_WARN_64_TO_32_BIT_CONVERSION = YES;
				GCC_WARN_ABOUT_RETURN_TYPE = YES_ERROR;
				GCC_WARN_UNDECLARED_SELECTOR = YES;
				GCC_WARN_UNINITIALIZED_AUTOS = YES_AGGRESSIVE;
				GCC_WARN_UNUSED_FUNCTION = YES;
				GCC_WARN_UNUSED_VARIABLE = YES;
				IPHONEOS_DEPLOYMENT_TARGET = 12.4;
				MTL_ENABLE_DEBUG_INFO = NO;
				MTL_FAST_MATH = YES;
				SDKROOT = iphoneos;
				SWIFT_COMPILATION_MODE = wholemodule;
				SWIFT_OPTIMIZATION_LEVEL = "-O";
				VALIDATE_PRODUCT = YES;
			};
			name = Release;
		};
		1AA020F5234BCB5F00BC3983 /* Debug */ = {
			isa = XCBuildConfiguration;
			buildSettings = {
				ASSETCATALOG_COMPILER_APPICON_NAME = AppIcon;
				CODE_SIGN_STYLE = Automatic;
				INFOPLIST_FILE = LePokedex/Info.plist;
				LD_RUNPATH_SEARCH_PATHS = (
					"$(inherited)",
					"@executable_path/Frameworks",
				);
				PRODUCT_BUNDLE_IDENTIFIER = Pokedex.LePokedex;
				PRODUCT_NAME = "$(TARGET_NAME)";
				SWIFT_VERSION = 5.0;
				TARGETED_DEVICE_FAMILY = "1,2";
			};
			name = Debug;
		};
		1AA020F6234BCB5F00BC3983 /* Release */ = {
			isa = XCBuildConfiguration;
			buildSettings = {
				ASSETCATALOG_COMPILER_APPICON_NAME = AppIcon;
				CODE_SIGN_STYLE = Automatic;
				INFOPLIST_FILE = LePokedex/Info.plist;
				LD_RUNPATH_SEARCH_PATHS = (
					"$(inherited)",
					"@executable_path/Frameworks",
				);
				PRODUCT_BUNDLE_IDENTIFIER = Pokedex.LePokedex;
				PRODUCT_NAME = "$(TARGET_NAME)";
				SWIFT_VERSION = 5.0;
				TARGETED_DEVICE_FAMILY = "1,2";
			};
			name = Release;
		};
		1AA020F8234BCB5F00BC3983 /* Debug */ = {
			isa = XCBuildConfiguration;
			buildSettings = {
				ALWAYS_EMBED_SWIFT_STANDARD_LIBRARIES = YES;
				BUNDLE_LOADER = "$(TEST_HOST)";
				CODE_SIGN_STYLE = Automatic;
				INFOPLIST_FILE = LePokedexTests/Info.plist;
				LD_RUNPATH_SEARCH_PATHS = (
					"$(inherited)",
					"@executable_path/Frameworks",
					"@loader_path/Frameworks",
				);
				PRODUCT_BUNDLE_IDENTIFIER = Pokedex.LePokedexTests;
				PRODUCT_NAME = "$(TARGET_NAME)";
				SWIFT_VERSION = 5.0;
				TARGETED_DEVICE_FAMILY = "1,2";
				TEST_HOST = "$(BUILT_PRODUCTS_DIR)/LePokedex.app/LePokedex";
			};
			name = Debug;
		};
		1AA020F9234BCB5F00BC3983 /* Release */ = {
			isa = XCBuildConfiguration;
			buildSettings = {
				ALWAYS_EMBED_SWIFT_STANDARD_LIBRARIES = YES;
				BUNDLE_LOADER = "$(TEST_HOST)";
				CODE_SIGN_STYLE = Automatic;
				INFOPLIST_FILE = LePokedexTests/Info.plist;
				LD_RUNPATH_SEARCH_PATHS = (
					"$(inherited)",
					"@executable_path/Frameworks",
					"@loader_path/Frameworks",
				);
				PRODUCT_BUNDLE_IDENTIFIER = Pokedex.LePokedexTests;
				PRODUCT_NAME = "$(TARGET_NAME)";
				SWIFT_VERSION = 5.0;
				TARGETED_DEVICE_FAMILY = "1,2";
				TEST_HOST = "$(BUILT_PRODUCTS_DIR)/LePokedex.app/LePokedex";
			};
			name = Release;
		};
		1AA020FB234BCB5F00BC3983 /* Debug */ = {
			isa = XCBuildConfiguration;
			buildSettings = {
				ALWAYS_EMBED_SWIFT_STANDARD_LIBRARIES = YES;
				CODE_SIGN_STYLE = Automatic;
				INFOPLIST_FILE = LePokedexUITests/Info.plist;
				LD_RUNPATH_SEARCH_PATHS = (
					"$(inherited)",
					"@executable_path/Frameworks",
					"@loader_path/Frameworks",
				);
				PRODUCT_BUNDLE_IDENTIFIER = Pokedex.LePokedexUITests;
				PRODUCT_NAME = "$(TARGET_NAME)";
				SWIFT_VERSION = 5.0;
				TARGETED_DEVICE_FAMILY = "1,2";
				TEST_TARGET_NAME = LePokedex;
			};
			name = Debug;
		};
		1AA020FC234BCB5F00BC3983 /* Release */ = {
			isa = XCBuildConfiguration;
			buildSettings = {
				ALWAYS_EMBED_SWIFT_STANDARD_LIBRARIES = YES;
				CODE_SIGN_STYLE = Automatic;
				INFOPLIST_FILE = LePokedexUITests/Info.plist;
				LD_RUNPATH_SEARCH_PATHS = (
					"$(inherited)",
					"@executable_path/Frameworks",
					"@loader_path/Frameworks",
				);
				PRODUCT_BUNDLE_IDENTIFIER = Pokedex.LePokedexUITests;
				PRODUCT_NAME = "$(TARGET_NAME)";
				SWIFT_VERSION = 5.0;
				TARGETED_DEVICE_FAMILY = "1,2";
				TEST_TARGET_NAME = LePokedex;
			};
			name = Release;
		};
/* End XCBuildConfiguration section */

/* Begin XCConfigurationList section */
		1AA020C7234BCB5E00BC3983 /* Build configuration list for PBXProject "LePokedex" */ = {
			isa = XCConfigurationList;
			buildConfigurations = (
				1AA020F2234BCB5F00BC3983 /* Debug */,
				1AA020F3234BCB5F00BC3983 /* Release */,
			);
			defaultConfigurationIsVisible = 0;
			defaultConfigurationName = Release;
		};
		1AA020F4234BCB5F00BC3983 /* Build configuration list for PBXNativeTarget "LePokedex" */ = {
			isa = XCConfigurationList;
			buildConfigurations = (
				1AA020F5234BCB5F00BC3983 /* Debug */,
				1AA020F6234BCB5F00BC3983 /* Release */,
			);
			defaultConfigurationIsVisible = 0;
			defaultConfigurationName = Release;
		};
		1AA020F7234BCB5F00BC3983 /* Build configuration list for PBXNativeTarget "LePokedexTests" */ = {
			isa = XCConfigurationList;
			buildConfigurations = (
				1AA020F8234BCB5F00BC3983 /* Debug */,
				1AA020F9234BCB5F00BC3983 /* Release */,
			);
			defaultConfigurationIsVisible = 0;
			defaultConfigurationName = Release;
		};
		1AA020FA234BCB5F00BC3983 /* Build configuration list for PBXNativeTarget "LePokedexUITests" */ = {
			isa = XCConfigurationList;
			buildConfigurations = (
				1AA020FB234BCB5F00BC3983 /* Debug */,
				1AA020FC234BCB5F00BC3983 /* Release */,
			);
			defaultConfigurationIsVisible = 0;
			defaultConfigurationName = Release;
		};
/* End XCConfigurationList section */
	};
	rootObject = 1AA020C4234BCB5E00BC3983 /* Project object */;
}
